
Microsoft Visual Studio Solution File, Format Version 12.00
# Visual Studio Version 17
VisualStudioVersion = 17.12.35527.113 d17.12
MinimumVisualStudioVersion = 10.0.40219.1
Project("{FAE04EC0-301F-11D3-BF4B-00C04F79EFBC}") = "jestify.core", "src\jestify.core\jestify.core.csproj", "{B6D6471F-F338-4284-A9E3-FCA02E839CBD}"
EndProject
Project("{2150E333-8FDC-42A3-9474-1A3956D46DE8}") = "ソリューション項目", "ソリューション項目", "{B09FC9D2-9A49-45B9-8EDB-AD3EB9069EF5}"
	ProjectSection(SolutionItems) = preProject
		.editorconfig = .editorconfig
		.gitignore = .gitignore
		LICENSE = LICENSE
		README.md = README.md
	EndProjectSection
EndProject
Global
	GlobalSection(SolutionConfigurationPlatforms) = preSolution
		Debug|Any CPU = Debug|Any CPU
		Release|Any CPU = Release|Any CPU
	EndGlobalSection
	GlobalSection(ProjectConfigurationPlatforms) = postSolution
		{B6D6471F-F338-4284-A9E3-FCA02E839CBD}.Debug|Any CPU.ActiveCfg = Debug|Any CPU
		{B6D6471F-F338-4284-A9E3-FCA02E839CBD}.Debug|Any CPU.Build.0 = Debug|Any CPU
		{B6D6471F-F338-4284-A9E3-FCA02E839CBD}.Release|Any CPU.ActiveCfg = Release|Any CPU
		{B6D6471F-F338-4284-A9E3-FCA02E839CBD}.Release|Any CPU.Build.0 = Release|Any CPU
	EndGlobalSection
	GlobalSection(SolutionProperties) = preSolution
		HideSolutionNode = FALSE
	EndGlobalSection
EndGlobal
